
Microsoft Visual Studio Solution File, Format Version 12.00
# Visual Studio 14
VisualStudioVersion = 14.0.25420.1
MinimumVisualStudioVersion = 10.0.40219.1
Project("{FAE04EC0-301F-11D3-BF4B-00C04F79EFBC}") = "EvaluatorArchitecture", "EvaluatorArchitecture\EvaluatorArchitecture.csproj", "{755C7055-7F2F-4AE8-99D7-9CE453A1F6EE}"
EndProject
Project("{FAE04EC0-301F-11D3-BF4B-00C04F79EFBC}") = "Evaluator_Services", "Evaluator_Services\Evaluator_Services.csproj", "{04F3A807-5986-4C79-A188-D60354143E34}"
EndProject
Global
	GlobalSection(SolutionConfigurationPlatforms) = preSolution
		Debug|Any CPU = Debug|Any CPU
		Release|Any CPU = Release|Any CPU
	EndGlobalSection
	GlobalSection(ProjectConfigurationPlatforms) = postSolution
		{755C7055-7F2F-4AE8-99D7-9CE453A1F6EE}.Debug|Any CPU.ActiveCfg = Debug|Any CPU
		{755C7055-7F2F-4AE8-99D7-9CE453A1F6EE}.Debug|Any CPU.Build.0 = Debug|Any CPU
		{755C7055-7F2F-4AE8-99D7-9CE453A1F6EE}.Release|Any CPU.ActiveCfg = Release|Any CPU
		{755C7055-7F2F-4AE8-99D7-9CE453A1F6EE}.Release|Any CPU.Build.0 = Release|Any CPU
		{04F3A807-5986-4C79-A188-D60354143E34}.Debug|Any CPU.ActiveCfg = Debug|Any CPU
		{04F3A807-5986-4C79-A188-D60354143E34}.Debug|Any CPU.Build.0 = Debug|Any CPU
		{04F3A807-5986-4C79-A188-D60354143E34}.Release|Any CPU.ActiveCfg = Release|Any CPU
		{04F3A807-5986-4C79-A188-D60354143E34}.Release|Any CPU.Build.0 = Release|Any CPU
	EndGlobalSection
	GlobalSection(SolutionProperties) = preSolution
		HideSolutionNode = FALSE
	EndGlobalSection
EndGlobal
